
Microsoft Visual Studio Solution File, Format Version 12.00
# Visual Studio Version 16
VisualStudioVersion = 16.0.29306.81
MinimumVisualStudioVersion = 10.0.40219.1
Project("{9A19103F-16F7-4668-BE54-9A1E7A4F7556}") = "Waes.CodeAssignment.ScalableWeb.Api", "Waes.CodeAssignment.ScalableWeb.Api\Waes.CodeAssignment.ScalableWeb.Api.csproj", "{C2F6C1FC-B6E1-4C8D-A43E-AA37B205E478}"
EndProject
Project("{FAE04EC0-301F-11D3-BF4B-00C04F79EFBC}") = "Waes.CodeAssignment.ScalableWeb.Api.Tests", "Waes.CodeAssignment.ScalableWeb.Api.Tests\Waes.CodeAssignment.ScalableWeb.Api.Tests.csproj", "{F2984815-579B-4862-B7E9-7B87ACAC761C}"
EndProject
Global
	GlobalSection(SolutionConfigurationPlatforms) = preSolution
		Debug|Any CPU = Debug|Any CPU
		Release|Any CPU = Release|Any CPU
	EndGlobalSection
	GlobalSection(ProjectConfigurationPlatforms) = postSolution
		{C2F6C1FC-B6E1-4C8D-A43E-AA37B205E478}.Debug|Any CPU.ActiveCfg = Debug|Any CPU
		{C2F6C1FC-B6E1-4C8D-A43E-AA37B205E478}.Debug|Any CPU.Build.0 = Debug|Any CPU
		{C2F6C1FC-B6E1-4C8D-A43E-AA37B205E478}.Release|Any CPU.ActiveCfg = Release|Any CPU
		{C2F6C1FC-B6E1-4C8D-A43E-AA37B205E478}.Release|Any CPU.Build.0 = Release|Any CPU
		{F2984815-579B-4862-B7E9-7B87ACAC761C}.Debug|Any CPU.ActiveCfg = Debug|Any CPU
		{F2984815-579B-4862-B7E9-7B87ACAC761C}.Debug|Any CPU.Build.0 = Debug|Any CPU
		{F2984815-579B-4862-B7E9-7B87ACAC761C}.Release|Any CPU.ActiveCfg = Release|Any CPU
		{F2984815-579B-4862-B7E9-7B87ACAC761C}.Release|Any CPU.Build.0 = Release|Any CPU
	EndGlobalSection
	GlobalSection(SolutionProperties) = preSolution
		HideSolutionNode = FALSE
	EndGlobalSection
	GlobalSection(ExtensibilityGlobals) = postSolution
		SolutionGuid = {6297C082-1A32-4F52-8685-24A72109ABA9}
	EndGlobalSection
EndGlobal
